
Microsoft Visual Studio Solution File, Format Version 12.00
# Visual Studio Version 16
VisualStudioVersion = 16.0.28621.142
MinimumVisualStudioVersion = 10.0.40219.1
Project("{8BC9CEB8-8B4A-11D0-8D11-00A0C91BC942}") = "OpenCV_3_Car_Counting_Cpp_02", "OpenCV_3_Car_Counting_Cpp_02.vcxproj", "{C89654EA-49EE-4490-8234-A5D5F98D5CFC}"
EndProject
Global
	GlobalSection(SolutionConfigurationPlatforms) = preSolution
		Debug|x64 = Debug|x64
		Debug|x86 = Debug|x86
		Release|x64 = Release|x64
		Release|x86 = Release|x86
	EndGlobalSection
	GlobalSection(ProjectConfigurationPlatforms) = postSolution
		{C89654EA-49EE-4490-8234-A5D5F98D5CFC}.Debug|x64.ActiveCfg = Debug|x64
		{C89654EA-49EE-4490-8234-A5D5F98D5CFC}.Debug|x64.Build.0 = Debug|x64
		{C89654EA-49EE-4490-8234-A5D5F98D5CFC}.Debug|x86.ActiveCfg = Debug|Win32
		{C89654EA-49EE-4490-8234-A5D5F98D5CFC}.Debug|x86.Build.0 = Debug|Win32
		{C89654EA-49EE-4490-8234-A5D5F98D5CFC}.Release|x64.ActiveCfg = Release|x64
		{C89654EA-49EE-4490-8234-A5D5F98D5CFC}.Release|x64.Build.0 = Release|x64
		{C89654EA-49EE-4490-8234-A5D5F98D5CFC}.Release|x86.ActiveCfg = Release|Win32
		{C89654EA-49EE-4490-8234-A5D5F98D5CFC}.Release|x86.Build.0 = Release|Win32
	EndGlobalSection
	GlobalSection(SolutionProperties) = preSolution
		HideSolutionNode = FALSE
	EndGlobalSection
	GlobalSection(ExtensibilityGlobals) = postSolution
		SolutionGuid = {47F645D4-A9C7-4049-93B1-F52A4702A3F7}
	EndGlobalSection
EndGlobal
